// !$*UTF8*$!
{
	archiveVersion = 1;
	classes = {
	};
	objectVersion = 46;
	objects = {

/* Begin PBXBuildFile section */
		D80A04041E486D8A00671711 /* SDL2.framework in Frameworks */ = {isa = PBXBuildFile; fileRef = D80A04031E486D8A00671711 /* SDL2.framework */; };
		D80A04081E487AAB00671711 /* sdl.cpp in Sources */ = {isa = PBXBuildFile; fileRef = D80A04071E487AAB00671711 /* sdl.cpp */; };
		D82644621E4C5EF200F5D6C3 /* opencl.cpp in Sources */ = {isa = PBXBuildFile; fileRef = D82644611E4C5EF200F5D6C3 /* opencl.cpp */; };
		D82644651E4C670700F5D6C3 /* OpenCL.framework in Frameworks */ = {isa = PBXBuildFile; fileRef = D82644641E4C670700F5D6C3 /* OpenCL.framework */; settings = {ATTRIBUTES = (Required, ); }; };
		D82644691E4C729500F5D6C3 /* helloWorld.cl in Sources */ = {isa = PBXBuildFile; fileRef = D82644681E4C729500F5D6C3 /* helloWorld.cl */; };
		D8738C231E4DB4F200D4EADE /* grayscale.cl in Sources */ = {isa = PBXBuildFile; fileRef = D8738C221E4DB4F200D4EADE /* grayscale.cl */; };
		D8E86D991E49DCA3002A2220 /* SDL2_image.framework in Frameworks */ = {isa = PBXBuildFile; fileRef = D8E86D981E49DCA3002A2220 /* SDL2_image.framework */; };
		D8FB79551E4B0F5C00129529 /* main.cpp in Sources */ = {isa = PBXBuildFile; fileRef = D8FB79531E4B0F5C00129529 /* main.cpp */; };
/* End PBXBuildFile section */

/* Begin PBXCopyFilesBuildPhase section */
		D80A03F41E486C4700671711 /* CopyFiles */ = {
			isa = PBXCopyFilesBuildPhase;
			buildActionMask = 2147483647;
			dstPath = /usr/share/man/man1/;
			dstSubfolderSpec = 0;
			files = (
			);
			runOnlyForDeploymentPostprocessing = 1;
		};
/* End PBXCopyFilesBuildPhase section */

/* Begin PBXFileReference section */
		D80A03F61E486C4700671711 /* InstagramEffects */ = {isa = PBXFileReference; explicitFileType = "compiled.mach-o.executable"; includeInIndex = 0; path = InstagramEffects; sourceTree = BUILT_PRODUCTS_DIR; };
		D80A04031E486D8A00671711 /* SDL2.framework */ = {isa = PBXFileReference; lastKnownFileType = wrapper.framework; name = SDL2.framework; path = ../../../../Library/Frameworks/SDL2.framework; sourceTree = "<group>"; };
		D80A04071E487AAB00671711 /* sdl.cpp */ = {isa = PBXFileReference; fileEncoding = 4; lastKnownFileType = sourcecode.cpp.cpp; path = sdl.cpp; sourceTree = "<group>"; };
		D82644611E4C5EF200F5D6C3 /* opencl.cpp */ = {isa = PBXFileReference; fileEncoding = 4; lastKnownFileType = sourcecode.cpp.cpp; path = opencl.cpp; sourceTree = "<group>"; };
		D82644631E4C65EF00F5D6C3 /* opencl.h */ = {isa = PBXFileReference; lastKnownFileType = sourcecode.c.h; path = opencl.h; sourceTree = "<group>"; };
		D82644641E4C670700F5D6C3 /* OpenCL.framework */ = {isa = PBXFileReference; lastKnownFileType = wrapper.framework; name = OpenCL.framework; path = System/Library/Frameworks/OpenCL.framework; sourceTree = SDKROOT; };
		D82644681E4C729500F5D6C3 /* helloWorld.cl */ = {isa = PBXFileReference; fileEncoding = 4; lastKnownFileType = sourcecode.opencl; path = helloWorld.cl; sourceTree = "<group>"; };
		D8738C221E4DB4F200D4EADE /* grayscale.cl */ = {isa = PBXFileReference; fileEncoding = 4; lastKnownFileType = sourcecode.opencl; path = grayscale.cl; sourceTree = "<group>"; };
		D8E86D981E49DCA3002A2220 /* SDL2_image.framework */ = {isa = PBXFileReference; lastKnownFileType = wrapper.framework; name = SDL2_image.framework; path = ../../../../Library/Frameworks/SDL2_image.framework; sourceTree = "<group>"; };
		D8FB79531E4B0F5C00129529 /* main.cpp */ = {isa = PBXFileReference; fileEncoding = 4; lastKnownFileType = sourcecode.cpp.cpp; path = main.cpp; sourceTree = "<group>"; };
		D8FB79541E4B0F5C00129529 /* main.h */ = {isa = PBXFileReference; fileEncoding = 4; lastKnownFileType = sourcecode.c.h; path = main.h; sourceTree = "<group>"; };
		D8FB79561E4B10E500129529 /* sdl.h */ = {isa = PBXFileReference; lastKnownFileType = sourcecode.c.h; path = sdl.h; sourceTree = "<group>"; };
/* End PBXFileReference section */

/* Begin PBXFrameworksBuildPhase section */
		D80A03F31E486C4700671711 /* Frameworks */ = {
			isa = PBXFrameworksBuildPhase;
			buildActionMask = 2147483647;
			files = (
				D82644651E4C670700F5D6C3 /* OpenCL.framework in Frameworks */,
				D8E86D991E49DCA3002A2220 /* SDL2_image.framework in Frameworks */,
				D80A04041E486D8A00671711 /* SDL2.framework in Frameworks */,
			);
			runOnlyForDeploymentPostprocessing = 0;
		};
/* End PBXFrameworksBuildPhase section */

/* Begin PBXGroup section */
		D80A03ED1E486C4700671711 = {
			isa = PBXGroup;
			children = (
				D82644641E4C670700F5D6C3 /* OpenCL.framework */,
				D8E86D981E49DCA3002A2220 /* SDL2_image.framework */,
				D80A04031E486D8A00671711 /* SDL2.framework */,
				D80A03F71E486C4700671711 /* Products */,
				D80A04001E486D1300671711 /* src */,
			);
			sourceTree = "<group>";
		};
		D80A03F71E486C4700671711 /* Products */ = {
			isa = PBXGroup;
			children = (
				D80A03F61E486C4700671711 /* InstagramEffects */,
			);
			name = Products;
			sourceTree = "<group>";
		};
		D80A04001E486D1300671711 /* src */ = {
			isa = PBXGroup;
			children = (
				D8738C221E4DB4F200D4EADE /* grayscale.cl */,
				D82644681E4C729500F5D6C3 /* helloWorld.cl */,
				D80A04071E487AAB00671711 /* sdl.cpp */,
				D8FB79561E4B10E500129529 /* sdl.h */,
				D8FB79531E4B0F5C00129529 /* main.cpp */,
				D8FB79541E4B0F5C00129529 /* main.h */,
				D82644611E4C5EF200F5D6C3 /* opencl.cpp */,
				D82644631E4C65EF00F5D6C3 /* opencl.h */,
			);
			path = src;
			sourceTree = "<group>";
		};
/* End PBXGroup section */

/* Begin PBXNativeTarget section */
		D80A03F51E486C4700671711 /* InstagramEffects */ = {
			isa = PBXNativeTarget;
			buildConfigurationList = D80A03FD1E486C4700671711 /* Build configuration list for PBXNativeTarget "InstagramEffects" */;
			buildPhases = (
				D80A03F21E486C4700671711 /* Sources */,
				D80A03F31E486C4700671711 /* Frameworks */,
				D80A03F41E486C4700671711 /* CopyFiles */,
			);
			buildRules = (
			);
			dependencies = (
			);
			name = InstagramEffects;
			productName = InstagramEffects;
			productReference = D80A03F61E486C4700671711 /* InstagramEffects */;
			productType = "com.apple.product-type.tool";
		};
/* End PBXNativeTarget section */

/* Begin PBXProject section */
		D80A03EE1E486C4700671711 /* Project object */ = {
			isa = PBXProject;
			attributes = {
				LastUpgradeCheck = 0610;
				ORGANIZATIONNAME = "Viktor Ketipov";
				TargetAttributes = {
					D80A03F51E486C4700671711 = {
						CreatedOnToolsVersion = 6.1.1;
					};
				};
			};
			buildConfigurationList = D80A03F11E486C4700671711 /* Build configuration list for PBXProject "InstagramEffects" */;
			compatibilityVersion = "Xcode 3.2";
			developmentRegion = English;
			hasScannedForEncodings = 0;
			knownRegions = (
				en,
			);
			mainGroup = D80A03ED1E486C4700671711;
			productRefGroup = D80A03F71E486C4700671711 /* Products */;
			projectDirPath = "";
			projectRoot = "";
			targets = (
				D80A03F51E486C4700671711 /* InstagramEffects */,
			);
		};
/* End PBXProject section */

/* Begin PBXSourcesBuildPhase section */
		D80A03F21E486C4700671711 /* Sources */ = {
			isa = PBXSourcesBuildPhase;
			buildActionMask = 2147483647;
			files = (
				D8738C231E4DB4F200D4EADE /* grayscale.cl in Sources */,
				D80A04081E487AAB00671711 /* sdl.cpp in Sources */,
				D8FB79551E4B0F5C00129529 /* main.cpp in Sources */,
				D82644621E4C5EF200F5D6C3 /* opencl.cpp in Sources */,
				D82644691E4C729500F5D6C3 /* helloWorld.cl in Sources */,
			);
			runOnlyForDeploymentPostprocessing = 0;
		};
/* End PBXSourcesBuildPhase section */

/* Begin XCBuildConfiguration section */
		D80A03FB1E486C4700671711 /* Debug */ = {
			isa = XCBuildConfiguration;
			buildSettings = {
				ALWAYS_SEARCH_USER_PATHS = NO;
				CLANG_CXX_LANGUAGE_STANDARD = "gnu++0x";
				CLANG_CXX_LIBRARY = "libc++";
				CLANG_ENABLE_MODULES = YES;
				CLANG_ENABLE_OBJC_ARC = YES;
				CLANG_WARN_BOOL_CONVERSION = YES;
				CLANG_WARN_CONSTANT_CONVERSION = YES;
				CLANG_WARN_DIRECT_OBJC_ISA_USAGE = YES_ERROR;
				CLANG_WARN_EMPTY_BODY = YES;
				CLANG_WARN_ENUM_CONVERSION = YES;
				CLANG_WARN_INT_CONVERSION = YES;
				CLANG_WARN_OBJC_ROOT_CLASS = YES_ERROR;
				CLANG_WARN_UNREACHABLE_CODE = YES;
				CLANG_WARN__DUPLICATE_METHOD_MATCH = YES;
				COPY_PHASE_STRIP = NO;
				ENABLE_STRICT_OBJC_MSGSEND = YES;
				GCC_C_LANGUAGE_STANDARD = gnu99;
				GCC_DYNAMIC_NO_PIC = NO;
				GCC_OPTIMIZATION_LEVEL = 0;
				GCC_PREPROCESSOR_DEFINITIONS = (
					"DEBUG=1",
					"$(inherited)",
				);
				GCC_SYMBOLS_PRIVATE_EXTERN = NO;
				GCC_WARN_64_TO_32_BIT_CONVERSION = YES;
				GCC_WARN_ABOUT_RETURN_TYPE = YES_ERROR;
				GCC_WARN_UNDECLARED_SELECTOR = YES;
				GCC_WARN_UNINITIALIZED_AUTOS = YES_AGGRESSIVE;
				GCC_WARN_UNUSED_FUNCTION = YES;
				GCC_WARN_UNUSED_VARIABLE = YES;
				MACOSX_DEPLOYMENT_TARGET = 10.10;
				MTL_ENABLE_DEBUG_INFO = YES;
				ONLY_ACTIVE_ARCH = YES;
				SDKROOT = macosx;
			};
			name = Debug;
		};
		D80A03FC1E486C4700671711 /* Release */ = {
			isa = XCBuildConfiguration;
			buildSettings = {
				ALWAYS_SEARCH_USER_PATHS = NO;
				CLANG_CXX_LANGUAGE_STANDARD = "gnu++0x";
				CLANG_CXX_LIBRARY = "libc++";
				CLANG_ENABLE_MODULES = YES;
				CLANG_ENABLE_OBJC_ARC = YES;
				CLANG_WARN_BOOL_CONVERSION = YES;
				CLANG_WARN_CONSTANT_CONVERSION = YES;
				CLANG_WARN_DIRECT_OBJC_ISA_USAGE = YES_ERROR;
				CLANG_WARN_EMPTY_BODY = YES;
				CLANG_WARN_ENUM_CONVERSION = YES;
				CLANG_WARN_INT_CONVERSION = YES;
				CLANG_WARN_OBJC_ROOT_CLASS = YES_ERROR;
				CLANG_WARN_UNREACHABLE_CODE = YES;
				CLANG_WARN__DUPLICATE_METHOD_MATCH = YES;
				COPY_PHASE_STRIP = YES;
				DEBUG_INFORMATION_FORMAT = "dwarf-with-dsym";
				ENABLE_NS_ASSERTIONS = NO;
				ENABLE_STRICT_OBJC_MSGSEND = YES;
				GCC_C_LANGUAGE_STANDARD = gnu99;
				GCC_WARN_64_TO_32_BIT_CONVERSION = YES;
				GCC_WARN_ABOUT_RETURN_TYPE = YES_ERROR;
				GCC_WARN_UNDECLARED_SELECTOR = YES;
				GCC_WARN_UNINITIALIZED_AUTOS = YES_AGGRESSIVE;
				GCC_WARN_UNUSED_FUNCTION = YES;
				GCC_WARN_UNUSED_VARIABLE = YES;
				MACOSX_DEPLOYMENT_TARGET = 10.10;
				MTL_ENABLE_DEBUG_INFO = NO;
				SDKROOT = macosx;
			};
			name = Release;
		};
		D80A03FE1E486C4700671711 /* Debug */ = {
			isa = XCBuildConfiguration;
			buildSettings = {
				FRAMEWORK_SEARCH_PATHS = (
					"$(inherited)",
					"$(LOCAL_LIBRARY_DIR)/Frameworks",
				);
				PRODUCT_NAME = "$(TARGET_NAME)";
			};
			name = Debug;
		};
		D80A03FF1E486C4700671711 /* Release */ = {
			isa = XCBuildConfiguration;
			buildSettings = {
				FRAMEWORK_SEARCH_PATHS = (
					"$(inherited)",
					"$(LOCAL_LIBRARY_DIR)/Frameworks",
				);
				PRODUCT_NAME = "$(TARGET_NAME)";
			};
			name = Release;
		};
/* End XCBuildConfiguration section */

/* Begin XCConfigurationList section */
		D80A03F11E486C4700671711 /* Build configuration list for PBXProject "InstagramEffects" */ = {
			isa = XCConfigurationList;
			buildConfigurations = (
				D80A03FB1E486C4700671711 /* Debug */,
				D80A03FC1E486C4700671711 /* Release */,
			);
			defaultConfigurationIsVisible = 0;
			defaultConfigurationName = Release;
		};
		D80A03FD1E486C4700671711 /* Build configuration list for PBXNativeTarget "InstagramEffects" */ = {
			isa = XCConfigurationList;
			buildConfigurations = (
				D80A03FE1E486C4700671711 /* Debug */,
				D80A03FF1E486C4700671711 /* Release */,
			);
			defaultConfigurationIsVisible = 0;
			defaultConfigurationName = Release;
		};
/* End XCConfigurationList section */
	};
	rootObject = D80A03EE1E486C4700671711 /* Project object */;
}
